
Microsoft Visual Studio Solution File, Format Version 12.00
# Visual Studio 2017
Project("{FAE04EC0-301F-11D3-BF4B-00C04F79EFBC}") = "Full Game", "Full Game.csproj", "{FC12587F-249B-2BD7-AA4A-8DC3B8CF9D5E}"
EndProject
Project("{FAE04EC0-301F-11D3-BF4B-00C04F79EFBC}") = "Full Game.Editor", "Full Game.Editor.csproj", "{7ECCA7AC-DC01-6E78-3F21-108A5635CD82}"
EndProject
Global
	GlobalSection(SolutionConfigurationPlatforms) = preSolution
		Debug|Any CPU = Debug|Any CPU
		Release|Any CPU = Release|Any CPU
	EndGlobalSection
	GlobalSection(ProjectConfigurationPlatforms) = postSolution
		{FC12587F-249B-2BD7-AA4A-8DC3B8CF9D5E}.Debug|Any CPU.ActiveCfg = Debug|Any CPU
		{FC12587F-249B-2BD7-AA4A-8DC3B8CF9D5E}.Debug|Any CPU.Build.0 = Debug|Any CPU
		{FC12587F-249B-2BD7-AA4A-8DC3B8CF9D5E}.Release|Any CPU.ActiveCfg = Release|Any CPU
		{FC12587F-249B-2BD7-AA4A-8DC3B8CF9D5E}.Release|Any CPU.Build.0 = Release|Any CPU
		{7ECCA7AC-DC01-6E78-3F21-108A5635CD82}.Debug|Any CPU.ActiveCfg = Debug|Any CPU
		{7ECCA7AC-DC01-6E78-3F21-108A5635CD82}.Debug|Any CPU.Build.0 = Debug|Any CPU
		{7ECCA7AC-DC01-6E78-3F21-108A5635CD82}.Release|Any CPU.ActiveCfg = Release|Any CPU
		{7ECCA7AC-DC01-6E78-3F21-108A5635CD82}.Release|Any CPU.Build.0 = Release|Any CPU
	EndGlobalSection
	GlobalSection(SolutionProperties) = preSolution
		HideSolutionNode = FALSE
	EndGlobalSection
EndGlobal
